
Microsoft Visual Studio Solution File, Format Version 12.00
# Visual Studio 15
VisualStudioVersion = 15.0.28010.2041
MinimumVisualStudioVersion = 10.0.40219.1
Project("{FAE04EC0-301F-11D3-BF4B-00C04F79EFBC}") = "EFCodeFirst", "EFCodeFirst\EFCodeFirst.csproj", "{AFB9A96B-A6A7-4A54-8268-46D7E5B34D01}"
EndProject
Global
	GlobalSection(SolutionConfigurationPlatforms) = preSolution
		Debug|Any CPU = Debug|Any CPU
		Release|Any CPU = Release|Any CPU
	EndGlobalSection
	GlobalSection(ProjectConfigurationPlatforms) = postSolution
		{AFB9A96B-A6A7-4A54-8268-46D7E5B34D01}.Debug|Any CPU.ActiveCfg = Debug|Any CPU
		{AFB9A96B-A6A7-4A54-8268-46D7E5B34D01}.Debug|Any CPU.Build.0 = Debug|Any CPU
		{AFB9A96B-A6A7-4A54-8268-46D7E5B34D01}.Release|Any CPU.ActiveCfg = Release|Any CPU
		{AFB9A96B-A6A7-4A54-8268-46D7E5B34D01}.Release|Any CPU.Build.0 = Release|Any CPU
	EndGlobalSection
	GlobalSection(SolutionProperties) = preSolution
		HideSolutionNode = FALSE
	EndGlobalSection
	GlobalSection(ExtensibilityGlobals) = postSolution
		SolutionGuid = {C7B5762F-3E1D-42DD-9564-FD43B578B9CF}
	EndGlobalSection
EndGlobal
